
Microsoft Visual Studio Solution File, Format Version 12.00
# Visual Studio Version 16
VisualStudioVersion = 16.0.29728.190
MinimumVisualStudioVersion = 10.0.40219.1
Project("{FAE04EC0-301F-11D3-BF4B-00C04F79EFBC}") = "EUCalc", "EUCalc\EUCalc.csproj", "{5DB61F9F-F86C-43F1-8C07-0CAE4F4B2EE5}"
EndProject
Global
	GlobalSection(SolutionConfigurationPlatforms) = preSolution
		Debug|Any CPU = Debug|Any CPU
		Release|Any CPU = Release|Any CPU
	EndGlobalSection
	GlobalSection(ProjectConfigurationPlatforms) = postSolution
		{5DB61F9F-F86C-43F1-8C07-0CAE4F4B2EE5}.Debug|Any CPU.ActiveCfg = Debug|Any CPU
		{5DB61F9F-F86C-43F1-8C07-0CAE4F4B2EE5}.Debug|Any CPU.Build.0 = Debug|Any CPU
		{5DB61F9F-F86C-43F1-8C07-0CAE4F4B2EE5}.Release|Any CPU.ActiveCfg = Release|Any CPU
		{5DB61F9F-F86C-43F1-8C07-0CAE4F4B2EE5}.Release|Any CPU.Build.0 = Release|Any CPU
	EndGlobalSection
	GlobalSection(SolutionProperties) = preSolution
		HideSolutionNode = FALSE
	EndGlobalSection
	GlobalSection(ExtensibilityGlobals) = postSolution
		SolutionGuid = {B3FF576F-2932-4F2C-9B87-47E73455ACE2}
	EndGlobalSection
EndGlobal
